
Microsoft Visual Studio Solution File, Format Version 10.00
# Visual Studio 2008
Project("{2150E333-8FDC-42A3-9474-1A3956D46DE8}") = "Runtime", "Runtime", "{D66E45D9-91DC-4445-AE8B-99FF8FEDEEC9}"
EndProject
Project("{FAE04EC0-301F-11D3-BF4B-00C04F79EFBC}") = "connection_lib", "connection_lib\connection_lib.csproj", "{F6681243-5DCF-4B0B-BC85-0F1290CF0334}"
EndProject
Project("{FAE04EC0-301F-11D3-BF4B-00C04F79EFBC}") = "tpm_core", "tpm_core\tpm_core.csproj", "{4D1DBB08-821E-44F4-BE21-B9695E4EE8F1}"
EndProject
Project("{FAE04EC0-301F-11D3-BF4B-00C04F79EFBC}") = "utils", "utils\utils.csproj", "{892CAB5C-D501-47B1-82E2-BE8492E7E378}"
EndProject
Project("{2150E333-8FDC-42A3-9474-1A3956D46DE8}") = "Client", "Client", "{2B35EF26-373D-4910-A5A0-A54D6A798C5D}"
EndProject
Project("{FAE04EC0-301F-11D3-BF4B-00C04F79EFBC}") = "tpm_client", "tpm_client\tpm_client.csproj", "{4299FAC7-1E40-4530-AB1E-EA1CC963F913}"
EndProject
Project("{2150E333-8FDC-42A3-9474-1A3956D46DE8}") = "Server", "Server", "{D7AF289D-966B-45F2-99A1-DFCCBEC216D1}"
EndProject
Project("{FAE04EC0-301F-11D3-BF4B-00C04F79EFBC}") = "tpm_server", "tpm_server\tpm_server.csproj", "{2880E558-F34E-4AA5-A7CB-E6EB68B490EA}"
EndProject
Global
	GlobalSection(SolutionConfigurationPlatforms) = preSolution
		Debug|Any CPU = Debug|Any CPU
		Release|Any CPU = Release|Any CPU
	EndGlobalSection
	GlobalSection(ProjectConfigurationPlatforms) = postSolution
		{2880E558-F34E-4AA5-A7CB-E6EB68B490EA}.Debug|Any CPU.ActiveCfg = Debug|Any CPU
		{2880E558-F34E-4AA5-A7CB-E6EB68B490EA}.Debug|Any CPU.Build.0 = Debug|Any CPU
		{2880E558-F34E-4AA5-A7CB-E6EB68B490EA}.Release|Any CPU.ActiveCfg = Release|Any CPU
		{2880E558-F34E-4AA5-A7CB-E6EB68B490EA}.Release|Any CPU.Build.0 = Release|Any CPU
		{4299FAC7-1E40-4530-AB1E-EA1CC963F913}.Debug|Any CPU.ActiveCfg = Debug|Any CPU
		{4299FAC7-1E40-4530-AB1E-EA1CC963F913}.Debug|Any CPU.Build.0 = Debug|Any CPU
		{4299FAC7-1E40-4530-AB1E-EA1CC963F913}.Release|Any CPU.ActiveCfg = Release|Any CPU
		{4299FAC7-1E40-4530-AB1E-EA1CC963F913}.Release|Any CPU.Build.0 = Release|Any CPU
		{4D1DBB08-821E-44F4-BE21-B9695E4EE8F1}.Debug|Any CPU.ActiveCfg = Debug|Any CPU
		{4D1DBB08-821E-44F4-BE21-B9695E4EE8F1}.Debug|Any CPU.Build.0 = Debug|Any CPU
		{4D1DBB08-821E-44F4-BE21-B9695E4EE8F1}.Release|Any CPU.ActiveCfg = Release|Any CPU
		{4D1DBB08-821E-44F4-BE21-B9695E4EE8F1}.Release|Any CPU.Build.0 = Release|Any CPU
		{892CAB5C-D501-47B1-82E2-BE8492E7E378}.Debug|Any CPU.ActiveCfg = Debug|Any CPU
		{892CAB5C-D501-47B1-82E2-BE8492E7E378}.Debug|Any CPU.Build.0 = Debug|Any CPU
		{892CAB5C-D501-47B1-82E2-BE8492E7E378}.Release|Any CPU.ActiveCfg = Release|Any CPU
		{892CAB5C-D501-47B1-82E2-BE8492E7E378}.Release|Any CPU.Build.0 = Release|Any CPU
		{F6681243-5DCF-4B0B-BC85-0F1290CF0334}.Debug|Any CPU.ActiveCfg = Debug|Any CPU
		{F6681243-5DCF-4B0B-BC85-0F1290CF0334}.Debug|Any CPU.Build.0 = Debug|Any CPU
		{F6681243-5DCF-4B0B-BC85-0F1290CF0334}.Release|Any CPU.ActiveCfg = Release|Any CPU
		{F6681243-5DCF-4B0B-BC85-0F1290CF0334}.Release|Any CPU.Build.0 = Release|Any CPU
	EndGlobalSection
	GlobalSection(NestedProjects) = preSolution
		{F6681243-5DCF-4B0B-BC85-0F1290CF0334} = {D66E45D9-91DC-4445-AE8B-99FF8FEDEEC9}
		{4D1DBB08-821E-44F4-BE21-B9695E4EE8F1} = {D66E45D9-91DC-4445-AE8B-99FF8FEDEEC9}
		{892CAB5C-D501-47B1-82E2-BE8492E7E378} = {D66E45D9-91DC-4445-AE8B-99FF8FEDEEC9}
		{4299FAC7-1E40-4530-AB1E-EA1CC963F913} = {2B35EF26-373D-4910-A5A0-A54D6A798C5D}
		{2880E558-F34E-4AA5-A7CB-E6EB68B490EA} = {D7AF289D-966B-45F2-99A1-DFCCBEC216D1}
	EndGlobalSection
	GlobalSection(MonoDevelopProperties) = preSolution
		StartupItem = tpm_server\tpm_server.csproj
	EndGlobalSection
	GlobalSection(SolutionProperties) = preSolution
		HideSolutionNode = FALSE
	EndGlobalSection
EndGlobal
