
Microsoft Visual Studio Solution File, Format Version 10.00
# Visual Studio 2008
Project("{FAE04EC0-301F-11D3-BF4B-00C04F79EFBC}") = "tpm_server", "tpm_server\tpm_server.csproj", "{2880E558-F34E-4AA5-A7CB-E6EB68B490EA}"
EndProject
Project("{FAE04EC0-301F-11D3-BF4B-00C04F79EFBC}") = "utils", "utils\utils.csproj", "{892CAB5C-D501-47B1-82E2-BE8492E7E378}"
EndProject
Project("{FAE04EC0-301F-11D3-BF4B-00C04F79EFBC}") = "tpm_core", "tpm_core\tpm_core.csproj", "{4D1DBB08-821E-44F4-BE21-B9695E4EE8F1}"
EndProject
Project("{FAE04EC0-301F-11D3-BF4B-00C04F79EFBC}") = "tpm_client", "tpm_client\tpm_client.csproj", "{4299FAC7-1E40-4530-AB1E-EA1CC963F913}"
EndProject
Global
	GlobalSection(SolutionConfigurationPlatforms) = preSolution
		Debug|Any CPU = Debug|Any CPU
		Release|Any CPU = Release|Any CPU
	EndGlobalSection
	GlobalSection(ProjectConfigurationPlatforms) = postSolution
		{2880E558-F34E-4AA5-A7CB-E6EB68B490EA}.Debug|Any CPU.ActiveCfg = Debug|Any CPU
		{2880E558-F34E-4AA5-A7CB-E6EB68B490EA}.Debug|Any CPU.Build.0 = Debug|Any CPU
		{2880E558-F34E-4AA5-A7CB-E6EB68B490EA}.Release|Any CPU.ActiveCfg = Release|Any CPU
		{2880E558-F34E-4AA5-A7CB-E6EB68B490EA}.Release|Any CPU.Build.0 = Release|Any CPU
		{4299FAC7-1E40-4530-AB1E-EA1CC963F913}.Debug|Any CPU.ActiveCfg = Debug|Any CPU
		{4299FAC7-1E40-4530-AB1E-EA1CC963F913}.Debug|Any CPU.Build.0 = Debug|Any CPU
		{4299FAC7-1E40-4530-AB1E-EA1CC963F913}.Release|Any CPU.ActiveCfg = Release|Any CPU
		{4299FAC7-1E40-4530-AB1E-EA1CC963F913}.Release|Any CPU.Build.0 = Release|Any CPU
		{4D1DBB08-821E-44F4-BE21-B9695E4EE8F1}.Debug|Any CPU.ActiveCfg = Debug|Any CPU
		{4D1DBB08-821E-44F4-BE21-B9695E4EE8F1}.Debug|Any CPU.Build.0 = Debug|Any CPU
		{4D1DBB08-821E-44F4-BE21-B9695E4EE8F1}.Release|Any CPU.ActiveCfg = Release|Any CPU
		{4D1DBB08-821E-44F4-BE21-B9695E4EE8F1}.Release|Any CPU.Build.0 = Release|Any CPU
		{892CAB5C-D501-47B1-82E2-BE8492E7E378}.Debug|Any CPU.ActiveCfg = Debug|Any CPU
		{892CAB5C-D501-47B1-82E2-BE8492E7E378}.Debug|Any CPU.Build.0 = Debug|Any CPU
		{892CAB5C-D501-47B1-82E2-BE8492E7E378}.Release|Any CPU.ActiveCfg = Release|Any CPU
		{892CAB5C-D501-47B1-82E2-BE8492E7E378}.Release|Any CPU.Build.0 = Release|Any CPU
	EndGlobalSection
	GlobalSection(MonoDevelopProperties) = preSolution
		StartupItem = tpm_server\tpm_server.csproj
	EndGlobalSection
	GlobalSection(SolutionProperties) = preSolution
		HideSolutionNode = FALSE
	EndGlobalSection
EndGlobal
